
Microsoft Visual Studio Solution File, Format Version 12.00
# Visual Studio Version 17
VisualStudioVersion = 17.2.32616.157
MinimumVisualStudioVersion = 10.0.40219.1
Project("{9A19103F-16F7-4668-BE54-9A1E7A4F7556}") = "ex001", "ex001\ex001.csproj", "{36B2821D-A075-4136-9508-341D6FE93904}"
EndProject
Project("{9A19103F-16F7-4668-BE54-9A1E7A4F7556}") = "ex002", "ex002\ex002.csproj", "{A17635A8-3E14-4462-8D1C-BC97B280AEFD}"
EndProject
Project("{9A19103F-16F7-4668-BE54-9A1E7A4F7556}") = "ex003", "ex003\ex003.csproj", "{2729E54A-EC5E-4624-B30B-8A5A1EBC592C}"
EndProject
Project("{9A19103F-16F7-4668-BE54-9A1E7A4F7556}") = "ex004", "ex004\ex004.csproj", "{75381AA8-1F06-41BF-A201-0266C25069BF}"
EndProject
Project("{9A19103F-16F7-4668-BE54-9A1E7A4F7556}") = "ex005", "ex005\ex005.csproj", "{D9A5D6C0-4CB5-4542-8A39-8D236781CC02}"
EndProject
Project("{9A19103F-16F7-4668-BE54-9A1E7A4F7556}") = "ex006", "ex006\ex006.csproj", "{D680B487-FC7D-433D-9009-5CF95F41B980}"
EndProject
Project("{9A19103F-16F7-4668-BE54-9A1E7A4F7556}") = "ex007", "ex007\ex007.csproj", "{8CCA992F-2BE3-437A-B648-AE096D296075}"
EndProject
Project("{9A19103F-16F7-4668-BE54-9A1E7A4F7556}") = "ex008", "ex008\ex008.csproj", "{322A6046-5A60-4927-A96E-ADAD94FDED9D}"
EndProject
Project("{9A19103F-16F7-4668-BE54-9A1E7A4F7556}") = "ex009", "ex009\ex009.csproj", "{8C227B05-7838-4AB0-A7A9-24B45D16B45B}"
EndProject
Project("{9A19103F-16F7-4668-BE54-9A1E7A4F7556}") = "ex010", "ex010\ex010.csproj", "{51ACC08D-0DA3-4D8B-86F6-4EFAA7F9FE86}"
EndProject
Project("{9A19103F-16F7-4668-BE54-9A1E7A4F7556}") = "ex011", "ex011\ex011.csproj", "{06959919-36C1-4901-AA45-BBB98932ACDF}"
EndProject
Project("{9A19103F-16F7-4668-BE54-9A1E7A4F7556}") = "ex012", "ex012\ex012.csproj", "{A08A1F45-E0EC-4CD4-91E6-9CE3C7E81B4E}"
EndProject
Project("{9A19103F-16F7-4668-BE54-9A1E7A4F7556}") = "ex013", "ex013\ex013.csproj", "{792A618A-AD46-4012-8FB3-28F5473D4544}"
EndProject
Project("{9A19103F-16F7-4668-BE54-9A1E7A4F7556}") = "ex014", "ex014\ex014.csproj", "{A9B27F57-A079-4C6D-B1E0-E1BCC637D023}"
EndProject
Project("{9A19103F-16F7-4668-BE54-9A1E7A4F7556}") = "ex015", "ex015\ex015.csproj", "{AABF8479-FF44-4E44-A82B-B9724E656EB6}"
EndProject
Project("{9A19103F-16F7-4668-BE54-9A1E7A4F7556}") = "ex016", "ex016\ex016.csproj", "{4977759A-AA8D-4097-A8F5-C54178ED5194}"
EndProject
Project("{9A19103F-16F7-4668-BE54-9A1E7A4F7556}") = "ex017", "ex017\ex017.csproj", "{6C078E0D-298A-4668-A8D0-B2485DF36BF0}"
EndProject
Project("{9A19103F-16F7-4668-BE54-9A1E7A4F7556}") = "ex018", "ex018\ex018.csproj", "{F88B4D50-8C28-41DA-83EF-B705500E14FF}"
EndProject
Project("{9A19103F-16F7-4668-BE54-9A1E7A4F7556}") = "ex019", "ex019\ex019.csproj", "{92DE877C-42FE-4B74-87D8-FFDC6859946B}"
EndProject
Project("{9A19103F-16F7-4668-BE54-9A1E7A4F7556}") = "ex020", "ex020\ex020.csproj", "{A962A795-AFE7-4215-8E10-E79D72E18ECA}"
EndProject
Project("{9A19103F-16F7-4668-BE54-9A1E7A4F7556}") = "ex021", "ex021\ex021.csproj", "{A5138EFA-C755-488F-A822-75B417D56859}"
EndProject
Project("{9A19103F-16F7-4668-BE54-9A1E7A4F7556}") = "ex022", "ex022\ex022.csproj", "{458610BA-E227-442E-8DB4-80BFEE3AFBAA}"
EndProject
Project("{9A19103F-16F7-4668-BE54-9A1E7A4F7556}") = "ex023", "ex023\ex023.csproj", "{479F3FC7-C625-4AEE-B3F5-7CAE14E2865C}"
EndProject
Project("{9A19103F-16F7-4668-BE54-9A1E7A4F7556}") = "ex024", "ex024\ex024.csproj", "{3CF622F7-A50D-4CCC-AB44-031A0DE1E6E0}"
EndProject
Project("{9A19103F-16F7-4668-BE54-9A1E7A4F7556}") = "ex025", "ex025\ex025.csproj", "{CE386B40-A753-4A29-8159-CD8839853FEC}"
EndProject
Project("{9A19103F-16F7-4668-BE54-9A1E7A4F7556}") = "ex026", "ex026\ex026.csproj", "{CDD17466-E50A-49F0-B74D-1BD19F5D59F6}"
EndProject
Project("{9A19103F-16F7-4668-BE54-9A1E7A4F7556}") = "ex027", "ex027\ex027.csproj", "{2192D8BD-0E9B-4569-B382-90ACB6EB03F1}"
EndProject
Project("{9A19103F-16F7-4668-BE54-9A1E7A4F7556}") = "ex028", "ex028\ex028.csproj", "{B290620A-CB05-4D00-9D47-536F5298390C}"
EndProject
Project("{FAE04EC0-301F-11D3-BF4B-00C04F79EFBC}") = "ex029", "ex029\ex029.csproj", "{7FA38170-38B5-4C50-BD08-B7B07F3A0528}"
EndProject
Project("{FAE04EC0-301F-11D3-BF4B-00C04F79EFBC}") = "ex030", "ex030\ex030.csproj", "{FF0C04DB-2C5C-46C3-9A3A-2AF74B0FE8E3}"
EndProject
Global
	GlobalSection(SolutionConfigurationPlatforms) = preSolution
		Debug|Any CPU = Debug|Any CPU
		Release|Any CPU = Release|Any CPU
	EndGlobalSection
	GlobalSection(ProjectConfigurationPlatforms) = postSolution
		{36B2821D-A075-4136-9508-341D6FE93904}.Debug|Any CPU.ActiveCfg = Debug|Any CPU
		{36B2821D-A075-4136-9508-341D6FE93904}.Debug|Any CPU.Build.0 = Debug|Any CPU
		{36B2821D-A075-4136-9508-341D6FE93904}.Release|Any CPU.ActiveCfg = Release|Any CPU
		{36B2821D-A075-4136-9508-341D6FE93904}.Release|Any CPU.Build.0 = Release|Any CPU
		{A17635A8-3E14-4462-8D1C-BC97B280AEFD}.Debug|Any CPU.ActiveCfg = Debug|Any CPU
		{A17635A8-3E14-4462-8D1C-BC97B280AEFD}.Debug|Any CPU.Build.0 = Debug|Any CPU
		{A17635A8-3E14-4462-8D1C-BC97B280AEFD}.Release|Any CPU.ActiveCfg = Release|Any CPU
		{A17635A8-3E14-4462-8D1C-BC97B280AEFD}.Release|Any CPU.Build.0 = Release|Any CPU
		{2729E54A-EC5E-4624-B30B-8A5A1EBC592C}.Debug|Any CPU.ActiveCfg = Debug|Any CPU
		{2729E54A-EC5E-4624-B30B-8A5A1EBC592C}.Debug|Any CPU.Build.0 = Debug|Any CPU
		{2729E54A-EC5E-4624-B30B-8A5A1EBC592C}.Release|Any CPU.ActiveCfg = Release|Any CPU
		{2729E54A-EC5E-4624-B30B-8A5A1EBC592C}.Release|Any CPU.Build.0 = Release|Any CPU
		{75381AA8-1F06-41BF-A201-0266C25069BF}.Debug|Any CPU.ActiveCfg = Debug|Any CPU
		{75381AA8-1F06-41BF-A201-0266C25069BF}.Debug|Any CPU.Build.0 = Debug|Any CPU
		{75381AA8-1F06-41BF-A201-0266C25069BF}.Release|Any CPU.ActiveCfg = Release|Any CPU
		{75381AA8-1F06-41BF-A201-0266C25069BF}.Release|Any CPU.Build.0 = Release|Any CPU
		{D9A5D6C0-4CB5-4542-8A39-8D236781CC02}.Debug|Any CPU.ActiveCfg = Debug|Any CPU
		{D9A5D6C0-4CB5-4542-8A39-8D236781CC02}.Debug|Any CPU.Build.0 = Debug|Any CPU
		{D9A5D6C0-4CB5-4542-8A39-8D236781CC02}.Release|Any CPU.ActiveCfg = Release|Any CPU
		{D9A5D6C0-4CB5-4542-8A39-8D236781CC02}.Release|Any CPU.Build.0 = Release|Any CPU
		{D680B487-FC7D-433D-9009-5CF95F41B980}.Debug|Any CPU.ActiveCfg = Debug|Any CPU
		{D680B487-FC7D-433D-9009-5CF95F41B980}.Debug|Any CPU.Build.0 = Debug|Any CPU
		{D680B487-FC7D-433D-9009-5CF95F41B980}.Release|Any CPU.ActiveCfg = Release|Any CPU
		{D680B487-FC7D-433D-9009-5CF95F41B980}.Release|Any CPU.Build.0 = Release|Any CPU
		{8CCA992F-2BE3-437A-B648-AE096D296075}.Debug|Any CPU.ActiveCfg = Debug|Any CPU
		{8CCA992F-2BE3-437A-B648-AE096D296075}.Debug|Any CPU.Build.0 = Debug|Any CPU
		{8CCA992F-2BE3-437A-B648-AE096D296075}.Release|Any CPU.ActiveCfg = Release|Any CPU
		{8CCA992F-2BE3-437A-B648-AE096D296075}.Release|Any CPU.Build.0 = Release|Any CPU
		{322A6046-5A60-4927-A96E-ADAD94FDED9D}.Debug|Any CPU.ActiveCfg = Debug|Any CPU
		{322A6046-5A60-4927-A96E-ADAD94FDED9D}.Debug|Any CPU.Build.0 = Debug|Any CPU
		{322A6046-5A60-4927-A96E-ADAD94FDED9D}.Release|Any CPU.ActiveCfg = Release|Any CPU
		{322A6046-5A60-4927-A96E-ADAD94FDED9D}.Release|Any CPU.Build.0 = Release|Any CPU
		{8C227B05-7838-4AB0-A7A9-24B45D16B45B}.Debug|Any CPU.ActiveCfg = Debug|Any CPU
		{8C227B05-7838-4AB0-A7A9-24B45D16B45B}.Debug|Any CPU.Build.0 = Debug|Any CPU
		{8C227B05-7838-4AB0-A7A9-24B45D16B45B}.Release|Any CPU.ActiveCfg = Release|Any CPU
		{8C227B05-7838-4AB0-A7A9-24B45D16B45B}.Release|Any CPU.Build.0 = Release|Any CPU
		{51ACC08D-0DA3-4D8B-86F6-4EFAA7F9FE86}.Debug|Any CPU.ActiveCfg = Debug|Any CPU
		{51ACC08D-0DA3-4D8B-86F6-4EFAA7F9FE86}.Debug|Any CPU.Build.0 = Debug|Any CPU
		{51ACC08D-0DA3-4D8B-86F6-4EFAA7F9FE86}.Release|Any CPU.ActiveCfg = Release|Any CPU
		{51ACC08D-0DA3-4D8B-86F6-4EFAA7F9FE86}.Release|Any CPU.Build.0 = Release|Any CPU
		{06959919-36C1-4901-AA45-BBB98932ACDF}.Debug|Any CPU.ActiveCfg = Debug|Any CPU
		{06959919-36C1-4901-AA45-BBB98932ACDF}.Debug|Any CPU.Build.0 = Debug|Any CPU
		{06959919-36C1-4901-AA45-BBB98932ACDF}.Release|Any CPU.ActiveCfg = Release|Any CPU
		{06959919-36C1-4901-AA45-BBB98932ACDF}.Release|Any CPU.Build.0 = Release|Any CPU
		{A08A1F45-E0EC-4CD4-91E6-9CE3C7E81B4E}.Debug|Any CPU.ActiveCfg = Debug|Any CPU
		{A08A1F45-E0EC-4CD4-91E6-9CE3C7E81B4E}.Debug|Any CPU.Build.0 = Debug|Any CPU
		{A08A1F45-E0EC-4CD4-91E6-9CE3C7E81B4E}.Release|Any CPU.ActiveCfg = Release|Any CPU
		{A08A1F45-E0EC-4CD4-91E6-9CE3C7E81B4E}.Release|Any CPU.Build.0 = Release|Any CPU
		{792A618A-AD46-4012-8FB3-28F5473D4544}.Debug|Any CPU.ActiveCfg = Debug|Any CPU
		{792A618A-AD46-4012-8FB3-28F5473D4544}.Debug|Any CPU.Build.0 = Debug|Any CPU
		{792A618A-AD46-4012-8FB3-28F5473D4544}.Release|Any CPU.ActiveCfg = Release|Any CPU
		{792A618A-AD46-4012-8FB3-28F5473D4544}.Release|Any CPU.Build.0 = Release|Any CPU
		{A9B27F57-A079-4C6D-B1E0-E1BCC637D023}.Debug|Any CPU.ActiveCfg = Debug|Any CPU
		{A9B27F57-A079-4C6D-B1E0-E1BCC637D023}.Debug|Any CPU.Build.0 = Debug|Any CPU
		{A9B27F57-A079-4C6D-B1E0-E1BCC637D023}.Release|Any CPU.ActiveCfg = Release|Any CPU
		{A9B27F57-A079-4C6D-B1E0-E1BCC637D023}.Release|Any CPU.Build.0 = Release|Any CPU
		{AABF8479-FF44-4E44-A82B-B9724E656EB6}.Debug|Any CPU.ActiveCfg = Debug|Any CPU
		{AABF8479-FF44-4E44-A82B-B9724E656EB6}.Debug|Any CPU.Build.0 = Debug|Any CPU
		{AABF8479-FF44-4E44-A82B-B9724E656EB6}.Release|Any CPU.ActiveCfg = Release|Any CPU
		{AABF8479-FF44-4E44-A82B-B9724E656EB6}.Release|Any CPU.Build.0 = Release|Any CPU
		{4977759A-AA8D-4097-A8F5-C54178ED5194}.Debug|Any CPU.ActiveCfg = Debug|Any CPU
		{4977759A-AA8D-4097-A8F5-C54178ED5194}.Debug|Any CPU.Build.0 = Debug|Any CPU
		{4977759A-AA8D-4097-A8F5-C54178ED5194}.Release|Any CPU.ActiveCfg = Release|Any CPU
		{4977759A-AA8D-4097-A8F5-C54178ED5194}.Release|Any CPU.Build.0 = Release|Any CPU
		{6C078E0D-298A-4668-A8D0-B2485DF36BF0}.Debug|Any CPU.ActiveCfg = Debug|Any CPU
		{6C078E0D-298A-4668-A8D0-B2485DF36BF0}.Debug|Any CPU.Build.0 = Debug|Any CPU
		{6C078E0D-298A-4668-A8D0-B2485DF36BF0}.Release|Any CPU.ActiveCfg = Release|Any CPU
		{6C078E0D-298A-4668-A8D0-B2485DF36BF0}.Release|Any CPU.Build.0 = Release|Any CPU
		{F88B4D50-8C28-41DA-83EF-B705500E14FF}.Debug|Any CPU.ActiveCfg = Debug|Any CPU
		{F88B4D50-8C28-41DA-83EF-B705500E14FF}.Debug|Any CPU.Build.0 = Debug|Any CPU
		{F88B4D50-8C28-41DA-83EF-B705500E14FF}.Release|Any CPU.ActiveCfg = Release|Any CPU
		{F88B4D50-8C28-41DA-83EF-B705500E14FF}.Release|Any CPU.Build.0 = Release|Any CPU
		{92DE877C-42FE-4B74-87D8-FFDC6859946B}.Debug|Any CPU.ActiveCfg = Debug|Any CPU
		{92DE877C-42FE-4B74-87D8-FFDC6859946B}.Debug|Any CPU.Build.0 = Debug|Any CPU
		{92DE877C-42FE-4B74-87D8-FFDC6859946B}.Release|Any CPU.ActiveCfg = Release|Any CPU
		{92DE877C-42FE-4B74-87D8-FFDC6859946B}.Release|Any CPU.Build.0 = Release|Any CPU
		{A962A795-AFE7-4215-8E10-E79D72E18ECA}.Debug|Any CPU.ActiveCfg = Debug|Any CPU
		{A962A795-AFE7-4215-8E10-E79D72E18ECA}.Debug|Any CPU.Build.0 = Debug|Any CPU
		{A962A795-AFE7-4215-8E10-E79D72E18ECA}.Release|Any CPU.ActiveCfg = Release|Any CPU
		{A962A795-AFE7-4215-8E10-E79D72E18ECA}.Release|Any CPU.Build.0 = Release|Any CPU
		{A5138EFA-C755-488F-A822-75B417D56859}.Debug|Any CPU.ActiveCfg = Debug|Any CPU
		{A5138EFA-C755-488F-A822-75B417D56859}.Debug|Any CPU.Build.0 = Debug|Any CPU
		{A5138EFA-C755-488F-A822-75B417D56859}.Release|Any CPU.ActiveCfg = Release|Any CPU
		{A5138EFA-C755-488F-A822-75B417D56859}.Release|Any CPU.Build.0 = Release|Any CPU
		{458610BA-E227-442E-8DB4-80BFEE3AFBAA}.Debug|Any CPU.ActiveCfg = Debug|Any CPU
		{458610BA-E227-442E-8DB4-80BFEE3AFBAA}.Debug|Any CPU.Build.0 = Debug|Any CPU
		{458610BA-E227-442E-8DB4-80BFEE3AFBAA}.Release|Any CPU.ActiveCfg = Release|Any CPU
		{458610BA-E227-442E-8DB4-80BFEE3AFBAA}.Release|Any CPU.Build.0 = Release|Any CPU
		{479F3FC7-C625-4AEE-B3F5-7CAE14E2865C}.Debug|Any CPU.ActiveCfg = Debug|Any CPU
		{479F3FC7-C625-4AEE-B3F5-7CAE14E2865C}.Debug|Any CPU.Build.0 = Debug|Any CPU
		{479F3FC7-C625-4AEE-B3F5-7CAE14E2865C}.Release|Any CPU.ActiveCfg = Release|Any CPU
		{479F3FC7-C625-4AEE-B3F5-7CAE14E2865C}.Release|Any CPU.Build.0 = Release|Any CPU
		{3CF622F7-A50D-4CCC-AB44-031A0DE1E6E0}.Debug|Any CPU.ActiveCfg = Debug|Any CPU
		{3CF622F7-A50D-4CCC-AB44-031A0DE1E6E0}.Debug|Any CPU.Build.0 = Debug|Any CPU
		{3CF622F7-A50D-4CCC-AB44-031A0DE1E6E0}.Release|Any CPU.ActiveCfg = Release|Any CPU
		{3CF622F7-A50D-4CCC-AB44-031A0DE1E6E0}.Release|Any CPU.Build.0 = Release|Any CPU
		{CE386B40-A753-4A29-8159-CD8839853FEC}.Debug|Any CPU.ActiveCfg = Debug|Any CPU
		{CE386B40-A753-4A29-8159-CD8839853FEC}.Debug|Any CPU.Build.0 = Debug|Any CPU
		{CE386B40-A753-4A29-8159-CD8839853FEC}.Release|Any CPU.ActiveCfg = Release|Any CPU
		{CE386B40-A753-4A29-8159-CD8839853FEC}.Release|Any CPU.Build.0 = Release|Any CPU
		{CDD17466-E50A-49F0-B74D-1BD19F5D59F6}.Debug|Any CPU.ActiveCfg = Debug|Any CPU
		{CDD17466-E50A-49F0-B74D-1BD19F5D59F6}.Debug|Any CPU.Build.0 = Debug|Any CPU
		{CDD17466-E50A-49F0-B74D-1BD19F5D59F6}.Release|Any CPU.ActiveCfg = Release|Any CPU
		{CDD17466-E50A-49F0-B74D-1BD19F5D59F6}.Release|Any CPU.Build.0 = Release|Any CPU
		{2192D8BD-0E9B-4569-B382-90ACB6EB03F1}.Debug|Any CPU.ActiveCfg = Debug|Any CPU
		{2192D8BD-0E9B-4569-B382-90ACB6EB03F1}.Debug|Any CPU.Build.0 = Debug|Any CPU
		{2192D8BD-0E9B-4569-B382-90ACB6EB03F1}.Release|Any CPU.ActiveCfg = Release|Any CPU
		{2192D8BD-0E9B-4569-B382-90ACB6EB03F1}.Release|Any CPU.Build.0 = Release|Any CPU
		{B290620A-CB05-4D00-9D47-536F5298390C}.Debug|Any CPU.ActiveCfg = Debug|Any CPU
		{B290620A-CB05-4D00-9D47-536F5298390C}.Debug|Any CPU.Build.0 = Debug|Any CPU
		{B290620A-CB05-4D00-9D47-536F5298390C}.Release|Any CPU.ActiveCfg = Release|Any CPU
		{B290620A-CB05-4D00-9D47-536F5298390C}.Release|Any CPU.Build.0 = Release|Any CPU
		{7FA38170-38B5-4C50-BD08-B7B07F3A0528}.Debug|Any CPU.ActiveCfg = Debug|Any CPU
		{7FA38170-38B5-4C50-BD08-B7B07F3A0528}.Debug|Any CPU.Build.0 = Debug|Any CPU
		{7FA38170-38B5-4C50-BD08-B7B07F3A0528}.Release|Any CPU.ActiveCfg = Release|Any CPU
		{7FA38170-38B5-4C50-BD08-B7B07F3A0528}.Release|Any CPU.Build.0 = Release|Any CPU
		{FF0C04DB-2C5C-46C3-9A3A-2AF74B0FE8E3}.Debug|Any CPU.ActiveCfg = Debug|Any CPU
		{FF0C04DB-2C5C-46C3-9A3A-2AF74B0FE8E3}.Debug|Any CPU.Build.0 = Debug|Any CPU
		{FF0C04DB-2C5C-46C3-9A3A-2AF74B0FE8E3}.Release|Any CPU.ActiveCfg = Release|Any CPU
		{FF0C04DB-2C5C-46C3-9A3A-2AF74B0FE8E3}.Release|Any CPU.Build.0 = Release|Any CPU
	EndGlobalSection
	GlobalSection(SolutionProperties) = preSolution
		HideSolutionNode = FALSE
	EndGlobalSection
	GlobalSection(ExtensibilityGlobals) = postSolution
		SolutionGuid = {B38D2FBB-973E-49C8-86C5-F8107D599F1A}
	EndGlobalSection
EndGlobal
